
Microsoft Visual Studio Solution File, Format Version 12.00
# Visual Studio 15
VisualStudioVersion = 15.0.28010.2050
MinimumVisualStudioVersion = 10.0.40219.1
Project("{FAE04EC0-301F-11D3-BF4B-00C04F79EFBC}") = "GameWebApi", "GameWebApi\GameWebApi.csproj", "{26314EA5-4E35-46B0-B96A-A2974719321A}"
EndProject
Global
	GlobalSection(SolutionConfigurationPlatforms) = preSolution
		Debug|Any CPU = Debug|Any CPU
		Release|Any CPU = Release|Any CPU
	EndGlobalSection
	GlobalSection(ProjectConfigurationPlatforms) = postSolution
		{26314EA5-4E35-46B0-B96A-A2974719321A}.Debug|Any CPU.ActiveCfg = Debug|Any CPU
		{26314EA5-4E35-46B0-B96A-A2974719321A}.Debug|Any CPU.Build.0 = Debug|Any CPU
		{26314EA5-4E35-46B0-B96A-A2974719321A}.Release|Any CPU.ActiveCfg = Release|Any CPU
		{26314EA5-4E35-46B0-B96A-A2974719321A}.Release|Any CPU.Build.0 = Release|Any CPU
	EndGlobalSection
	GlobalSection(SolutionProperties) = preSolution
		HideSolutionNode = FALSE
	EndGlobalSection
	GlobalSection(ExtensibilityGlobals) = postSolution
		SolutionGuid = {2B0AC9AA-83FE-405D-B97F-E923E933558A}
	EndGlobalSection
EndGlobal
