
Microsoft Visual Studio Solution File, Format Version 12.00
# Visual Studio 15
VisualStudioVersion = 15.0.28307.168
MinimumVisualStudioVersion = 10.0.40219.1
Project("{9A19103F-16F7-4668-BE54-9A1E7A4F7556}") = "ASsignment2", "ASsignment2.csproj", "{1A62837E-7726-4758-80CB-A297CCD45E09}"
EndProject
Global
	GlobalSection(SolutionConfigurationPlatforms) = preSolution
		Debug|Any CPU = Debug|Any CPU
		Release|Any CPU = Release|Any CPU
	EndGlobalSection
	GlobalSection(ProjectConfigurationPlatforms) = postSolution
		{1A62837E-7726-4758-80CB-A297CCD45E09}.Debug|Any CPU.ActiveCfg = Debug|Any CPU
		{1A62837E-7726-4758-80CB-A297CCD45E09}.Debug|Any CPU.Build.0 = Debug|Any CPU
		{1A62837E-7726-4758-80CB-A297CCD45E09}.Release|Any CPU.ActiveCfg = Release|Any CPU
		{1A62837E-7726-4758-80CB-A297CCD45E09}.Release|Any CPU.Build.0 = Release|Any CPU
	EndGlobalSection
	GlobalSection(SolutionProperties) = preSolution
		HideSolutionNode = FALSE
	EndGlobalSection
	GlobalSection(ExtensibilityGlobals) = postSolution
		SolutionGuid = {E0A06A1F-3D47-4C0A-A32E-517237B65107}
	EndGlobalSection
EndGlobal
