
Microsoft Visual Studio Solution File, Format Version 12.00
# Visual Studio 15
VisualStudioVersion = 15.0.28010.2050
MinimumVisualStudioVersion = 10.0.40219.1
Project("{FAE04EC0-301F-11D3-BF4B-00C04F79EFBC}") = "ZVSE_Scoreboard", "ZVSE_Scoreboard\ZVSE_Scoreboard.csproj", "{47046266-D146-4685-9D9C-278577DC691C}"
EndProject
Global
	GlobalSection(SolutionConfigurationPlatforms) = preSolution
		Debug|Any CPU = Debug|Any CPU
		Release|Any CPU = Release|Any CPU
	EndGlobalSection
	GlobalSection(ProjectConfigurationPlatforms) = postSolution
		{47046266-D146-4685-9D9C-278577DC691C}.Debug|Any CPU.ActiveCfg = Debug|Any CPU
		{47046266-D146-4685-9D9C-278577DC691C}.Debug|Any CPU.Build.0 = Debug|Any CPU
		{47046266-D146-4685-9D9C-278577DC691C}.Release|Any CPU.ActiveCfg = Release|Any CPU
		{47046266-D146-4685-9D9C-278577DC691C}.Release|Any CPU.Build.0 = Release|Any CPU
	EndGlobalSection
	GlobalSection(SolutionProperties) = preSolution
		HideSolutionNode = FALSE
	EndGlobalSection
	GlobalSection(ExtensibilityGlobals) = postSolution
		SolutionGuid = {F745C3F6-09ED-4FF0-BA89-8261BA99BAB3}
	EndGlobalSection
EndGlobal
